
Microsoft Visual Studio Solution File, Format Version 12.00
# Visual Studio Version 16
VisualStudioVersion = 16.0.30711.63
MinimumVisualStudioVersion = 10.0.40219.1
Project("{FAE04EC0-301F-11D3-BF4B-00C04F79EFBC}") = "MSAD", "MSAD.csproj", "{DDE9929A-C9A6-40A3-BB95-5B343A69A775}"
EndProject
Global
	GlobalSection(SolutionConfigurationPlatforms) = preSolution
		Debug|Any CPU = Debug|Any CPU
		Release|Any CPU = Release|Any CPU
	EndGlobalSection
	GlobalSection(ProjectConfigurationPlatforms) = postSolution
		{DDE9929A-C9A6-40A3-BB95-5B343A69A775}.Debug|Any CPU.ActiveCfg = Debug|Any CPU
		{DDE9929A-C9A6-40A3-BB95-5B343A69A775}.Debug|Any CPU.Build.0 = Debug|Any CPU
		{DDE9929A-C9A6-40A3-BB95-5B343A69A775}.Release|Any CPU.ActiveCfg = Release|Any CPU
		{DDE9929A-C9A6-40A3-BB95-5B343A69A775}.Release|Any CPU.Build.0 = Release|Any CPU
	EndGlobalSection
	GlobalSection(SolutionProperties) = preSolution
		HideSolutionNode = FALSE
	EndGlobalSection
	GlobalSection(ExtensibilityGlobals) = postSolution
		SolutionGuid = {89E08BF6-989C-48DF-8567-33030D51A7B9}
	EndGlobalSection
EndGlobal
